<?xml version="1.0" encoding="utf-8"?>
<Project ToolsVersion="4.0" xmlns="http://schemas.microsoft.com/developer/msbuild/2003">
  <ItemGroup>
    <Filter Include="Source Files">
      <UniqueIdentifier>{4FC737F1-C7A5-4376-A066-2A32D752A2FF}</UniqueIdentifier>
      <Extensions>cpp;c;cc;cxx;c++;cppm;ixx;def;odl;idl;hpj;bat;asm;asmx</Extensions>
    </Filter>
    <Filter Include="Header Files">
      <UniqueIdentifier>{93995380-89BD-4b04-88EB-625FBE52EBFB}</UniqueIdentifier>
      <Extensions>h;hh;hpp;hxx;h++;hm;inl;inc;ipp;xsd</Extensions>
    </Filter>
    <Filter Include="res">
      <UniqueIdentifier>{6e100e87-42a0-4ba3-ae73-943cc040013d}</UniqueIdentifier>
    </Filter>
    <Filter Include="res\shader">
      <UniqueIdentifier>{3671f4eb-6a27-4bd6-9bda-43752827a390}</UniqueIdentifier>
    </Filter>
    <Filter Include="Source Files\vendor">
      <UniqueIdentifier>{5d5a7cb5-ffb5-47d3-9285-3a78bfddaffd}</UniqueIdentifier>
    </Filter>
    <Filter Include="Source Files\vendor\stb_image">
      <UniqueIdentifier>{be01a336-854b-4650-9fc1-a820a241aa14}</UniqueIdentifier>
    </Filter>
    <Filter Include="Header Files\OpenGL">
      <UniqueIdentifier>{6c748854-a665-473f-9674-f9d227834d2a}</UniqueIdentifier>
    </Filter>
    <Filter Include="Source Files\OpenGL">
      <UniqueIdentifier>{525f1e2a-77e7-4dbc-8bf1-bad9b44d5c27}</UniqueIdentifier>
    </Filter>
  </ItemGroup>
  <ItemGroup>
    <ClCompile Include=".cpp\BackButton.cpp">
      <Filter>Source Files</Filter>
    </ClCompile>
    <ClCompile Include=".cpp\Background.cpp">
      <Filter>Source Files</Filter>
    </ClCompile>
    <ClCompile Include=".cpp\Ball.cpp">
      <Filter>Source Files</Filter>
    </ClCompile>
    <ClCompile Include=".cpp\Block.cpp">
      <Filter>Source Files</Filter>
    </ClCompile>
    <ClCompile Include=".cpp\CollisionManager.cpp">
      <Filter>Source Files</Filter>
    </ClCompile>
    <ClCompile Include=".cpp\GameOverScreen.cpp">
      <Filter>Source Files</Filter>
    </ClCompile>
    <ClCompile Include=".cpp\Global.cpp">
      <Filter>Source Files</Filter>
    </ClCompile>
    <ClCompile Include=".cpp\HighScoresButton.cpp">
      <Filter>Source Files</Filter>
    </ClCompile>
    <ClCompile Include=".cpp\LevelGenerator.cpp">
      <Filter>Source Files</Filter>
    </ClCompile>
    <ClCompile Include=".cpp\RedBlock.cpp">
      <Filter>Source Files</Filter>
    </ClCompile>
    <ClCompile Include=".cpp\Rocket.cpp">
      <Filter>Source Files</Filter>
    </ClCompile>
    <ClCompile Include=".cpp\Source.cpp">
      <Filter>Source Files</Filter>
    </ClCompile>
    <ClCompile Include=".cpp\StartButton.cpp">
      <Filter>Source Files</Filter>
    </ClCompile>
    <ClCompile Include=".cpp\Text.cpp">
      <Filter>Source Files</Filter>
    </ClCompile>
    <ClCompile Include=".cpp\YellowBlock.cpp">
      <Filter>Source Files</Filter>
    </ClCompile>
    <ClCompile Include=".cpp\Shader.cpp">
      <Filter>Source Files\OpenGL</Filter>
    </ClCompile>
    <ClCompile Include=".cpp\Renderer.cpp">
      <Filter>Source Files\OpenGL</Filter>
    </ClCompile>
    <ClCompile Include=".cpp\IndexBuffer.cpp">
      <Filter>Source Files\OpenGL</Filter>
    </ClCompile>
    <ClCompile Include=".cpp\stb_image.cpp">
      <Filter>Source Files\OpenGL</Filter>
    </ClCompile>
    <ClCompile Include=".cpp\VertexBuffer.cpp">
      <Filter>Source Files\OpenGL</Filter>
    </ClCompile>
    <ClCompile Include=".cpp\VertexArray.cpp">
      <Filter>Source Files\OpenGL</Filter>
    </ClCompile>
    <ClCompile Include=".cpp\Texture.cpp">
      <Filter>Source Files\OpenGL</Filter>
    </ClCompile>
  </ItemGroup>
  <ItemGroup>
    <None Include="res\shaders\Basic.shader">
      <Filter>res\shader</Filter>
    </None>
  </ItemGroup>
  <ItemGroup>
    <ClInclude Include="Button.h">
      <Filter>Source Files\vendor</Filter>
    </ClInclude>
    <ClInclude Include=".h\BackButton.h">
      <Filter>Header Files</Filter>
    </ClInclude>
    <ClInclude Include=".h\Background.h">
      <Filter>Header Files</Filter>
    </ClInclude>
    <ClInclude Include=".h\Ball.h">
      <Filter>Header Files</Filter>
    </ClInclude>
    <ClInclude Include=".h\Block.h">
      <Filter>Header Files</Filter>
    </ClInclude>
    <ClInclude Include=".h\BlockCrack.h">
      <Filter>Header Files</Filter>
    </ClInclude>
    <ClInclude Include=".h\CollisionManager.h">
      <Filter>Header Files</Filter>
    </ClInclude>
    <ClInclude Include=".h\GameObject.h">
      <Filter>Header Files</Filter>
    </ClInclude>
    <ClInclude Include=".h\GameOverScreen.h">
      <Filter>Header Files</Filter>
    </ClInclude>
    <ClInclude Include=".h\Global.h">
      <Filter>Header Files</Filter>
    </ClInclude>
    <ClInclude Include=".h\HighScoresButton.h">
      <Filter>Header Files</Filter>
    </ClInclude>
    <ClInclude Include=".h\InterfaceObject.h">
      <Filter>Header Files</Filter>
    </ClInclude>
    <ClInclude Include=".h\LevelGenerator.h">
      <Filter>Header Files</Filter>
    </ClInclude>
    <ClInclude Include=".h\RedBlock.h">
      <Filter>Header Files</Filter>
    </ClInclude>
    <ClInclude Include=".h\Rocket.h">
      <Filter>Header Files</Filter>
    </ClInclude>
    <ClInclude Include=".h\StartButton.h">
      <Filter>Header Files</Filter>
    </ClInclude>
    <ClInclude Include=".h\Text.h">
      <Filter>Header Files</Filter>
    </ClInclude>
    <ClInclude Include=".h\YellowBlock.h">
      <Filter>Header Files</Filter>
    </ClInclude>
    <ClInclude Include=".h\stb_image.h">
      <Filter>Header Files\OpenGL</Filter>
    </ClInclude>
    <ClInclude Include=".h\Image.h">
      <Filter>Header Files\OpenGL</Filter>
    </ClInclude>
    <ClInclude Include=".h\IndexBuffer.h">
      <Filter>Header Files\OpenGL</Filter>
    </ClInclude>
    <ClInclude Include=".h\VertexArray.h">
      <Filter>Header Files\OpenGL</Filter>
    </ClInclude>
    <ClInclude Include=".h\VertexBuffer.h">
      <Filter>Header Files\OpenGL</Filter>
    </ClInclude>
    <ClInclude Include=".h\VertexBufferLayout.h">
      <Filter>Header Files\OpenGL</Filter>
    </ClInclude>
    <ClInclude Include=".h\Texture.h">
      <Filter>Header Files\OpenGL</Filter>
    </ClInclude>
    <ClInclude Include=".h\Shader.h">
      <Filter>Header Files\OpenGL</Filter>
    </ClInclude>
    <ClInclude Include=".h\Renderer.h">
      <Filter>Header Files\OpenGL</Filter>
    </ClInclude>
  </ItemGroup>
</Project>